
Microsoft Visual Studio Solution File, Format Version 12.00
# Visual Studio 15
VisualStudioVersion = 15.0.28307.572
MinimumVisualStudioVersion = 10.0.40219.1
Project("{FAE04EC0-301F-11D3-BF4B-00C04F79EFBC}") = "Bill generator", "Bill generator\Bill generator.csproj", "{D5F0B34F-408A-4DBC-99E7-5CB3F8AD7E92}"
EndProject
Global
	GlobalSection(SolutionConfigurationPlatforms) = preSolution
		Debug|Any CPU = Debug|Any CPU
		Release|Any CPU = Release|Any CPU
	EndGlobalSection
	GlobalSection(ProjectConfigurationPlatforms) = postSolution
		{D5F0B34F-408A-4DBC-99E7-5CB3F8AD7E92}.Debug|Any CPU.ActiveCfg = Debug|Any CPU
		{D5F0B34F-408A-4DBC-99E7-5CB3F8AD7E92}.Debug|Any CPU.Build.0 = Debug|Any CPU
		{D5F0B34F-408A-4DBC-99E7-5CB3F8AD7E92}.Release|Any CPU.ActiveCfg = Release|Any CPU
		{D5F0B34F-408A-4DBC-99E7-5CB3F8AD7E92}.Release|Any CPU.Build.0 = Release|Any CPU
	EndGlobalSection
	GlobalSection(SolutionProperties) = preSolution
		HideSolutionNode = FALSE
	EndGlobalSection
	GlobalSection(ExtensibilityGlobals) = postSolution
		SolutionGuid = {234D2A50-BC8B-4CE4-B2AA-72059E418ED1}
	EndGlobalSection
EndGlobal
